// !$*UTF8*$!
{
	archiveVersion = 1;
	classes = {
	};
	objectVersion = 50;
	objects = {

/* Begin PBXBuildFile section */
		C2A6B0832652B34E0037ADC0 /* AppDelegate.swift in Sources */ = {isa = PBXBuildFile; fileRef = C2A6B0822652B34E0037ADC0 /* AppDelegate.swift */; };
		C2A6B0852652B34E0037ADC0 /* SceneDelegate.swift in Sources */ = {isa = PBXBuildFile; fileRef = C2A6B0842652B34E0037ADC0 /* SceneDelegate.swift */; };
		C2A6B0872652B34E0037ADC0 /* MainViewController.swift in Sources */ = {isa = PBXBuildFile; fileRef = C2A6B0862652B34E0037ADC0 /* MainViewController.swift */; };
		C2A6B08A2652B34E0037ADC0 /* Main.storyboard in Resources */ = {isa = PBXBuildFile; fileRef = C2A6B0882652B34E0037ADC0 /* Main.storyboard */; };
		C2A6B08D2652B34E0037ADC0 /* Movie.xcdatamodeld in Sources */ = {isa = PBXBuildFile; fileRef = C2A6B08B2652B34E0037ADC0 /* Movie.xcdatamodeld */; };
		C2A6B08F2652B34F0037ADC0 /* Assets.xcassets in Resources */ = {isa = PBXBuildFile; fileRef = C2A6B08E2652B34F0037ADC0 /* Assets.xcassets */; };
		C2A6B0922652B34F0037ADC0 /* LaunchScreen.storyboard in Resources */ = {isa = PBXBuildFile; fileRef = C2A6B0902652B34F0037ADC0 /* LaunchScreen.storyboard */; };
		C2A6B09D2652B34F0037ADC0 /* MovieTests.swift in Sources */ = {isa = PBXBuildFile; fileRef = C2A6B09C2652B34F0037ADC0 /* MovieTests.swift */; };
		C2A6B0A82652B34F0037ADC0 /* MovieUITests.swift in Sources */ = {isa = PBXBuildFile; fileRef = C2A6B0A72652B34F0037ADC0 /* MovieUITests.swift */; };
		C2A6B0B62652B67E0037ADC0 /* Movie.swift in Sources */ = {isa = PBXBuildFile; fileRef = C2A6B0B52652B67E0037ADC0 /* Movie.swift */; };
		C2A6B0B92652B93B0037ADC0 /* Photo.swift in Sources */ = {isa = PBXBuildFile; fileRef = C2A6B0B82652B93B0037ADC0 /* Photo.swift */; };
		C2A6B0BD2652B9DE0037ADC0 /* ResultMovie.swift in Sources */ = {isa = PBXBuildFile; fileRef = C2A6B0BC2652B9DE0037ADC0 /* ResultMovie.swift */; };
		C2A6B0C32652BE130037ADC0 /* NetworkService.swift in Sources */ = {isa = PBXBuildFile; fileRef = C2A6B0C22652BE130037ADC0 /* NetworkService.swift */; };
		C2A6B0C62652BEB30037ADC0 /* Constant.swift in Sources */ = {isa = PBXBuildFile; fileRef = C2A6B0C52652BEB30037ADC0 /* Constant.swift */; };
		C2A6B0CB2652BF000037ADC0 /* AlertController+Error.swift in Sources */ = {isa = PBXBuildFile; fileRef = C2A6B0CA2652BF000037ADC0 /* AlertController+Error.swift */; };
		C2A6B0CE2652C47B0037ADC0 /* MovieTableViewCell.swift in Sources */ = {isa = PBXBuildFile; fileRef = C2A6B0CD2652C47B0037ADC0 /* MovieTableViewCell.swift */; };
/* End PBXBuildFile section */

/* Begin PBXContainerItemProxy section */
		C2A6B0992652B34F0037ADC0 /* PBXContainerItemProxy */ = {
			isa = PBXContainerItemProxy;
			containerPortal = C2A6B0772652B34E0037ADC0 /* Project object */;
			proxyType = 1;
			remoteGlobalIDString = C2A6B07E2652B34E0037ADC0;
			remoteInfo = Movie;
		};
		C2A6B0A42652B34F0037ADC0 /* PBXContainerItemProxy */ = {
			isa = PBXContainerItemProxy;
			containerPortal = C2A6B0772652B34E0037ADC0 /* Project object */;
			proxyType = 1;
			remoteGlobalIDString = C2A6B07E2652B34E0037ADC0;
			remoteInfo = Movie;
		};
/* End PBXContainerItemProxy section */

/* Begin PBXFileReference section */
		C2A6B07F2652B34E0037ADC0 /* Movie.app */ = {isa = PBXFileReference; explicitFileType = wrapper.application; includeInIndex = 0; path = Movie.app; sourceTree = BUILT_PRODUCTS_DIR; };
		C2A6B0822652B34E0037ADC0 /* AppDelegate.swift */ = {isa = PBXFileReference; lastKnownFileType = sourcecode.swift; path = AppDelegate.swift; sourceTree = "<group>"; };
		C2A6B0842652B34E0037ADC0 /* SceneDelegate.swift */ = {isa = PBXFileReference; lastKnownFileType = sourcecode.swift; path = SceneDelegate.swift; sourceTree = "<group>"; };
		C2A6B0862652B34E0037ADC0 /* MainViewController.swift */ = {isa = PBXFileReference; lastKnownFileType = sourcecode.swift; path = MainViewController.swift; sourceTree = "<group>"; };
		C2A6B0892652B34E0037ADC0 /* Base */ = {isa = PBXFileReference; lastKnownFileType = file.storyboard; name = Base; path = Base.lproj/Main.storyboard; sourceTree = "<group>"; };
		C2A6B08C2652B34E0037ADC0 /* Movie.xcdatamodel */ = {isa = PBXFileReference; lastKnownFileType = wrapper.xcdatamodel; path = Movie.xcdatamodel; sourceTree = "<group>"; };
		C2A6B08E2652B34F0037ADC0 /* Assets.xcassets */ = {isa = PBXFileReference; lastKnownFileType = folder.assetcatalog; path = Assets.xcassets; sourceTree = "<group>"; };
		C2A6B0912652B34F0037ADC0 /* Base */ = {isa = PBXFileReference; lastKnownFileType = file.storyboard; name = Base; path = Base.lproj/LaunchScreen.storyboard; sourceTree = "<group>"; };
		C2A6B0932652B34F0037ADC0 /* Info.plist */ = {isa = PBXFileReference; lastKnownFileType = text.plist.xml; path = Info.plist; sourceTree = "<group>"; };
		C2A6B0982652B34F0037ADC0 /* MovieTests.xctest */ = {isa = PBXFileReference; explicitFileType = wrapper.cfbundle; includeInIndex = 0; path = MovieTests.xctest; sourceTree = BUILT_PRODUCTS_DIR; };
		C2A6B09C2652B34F0037ADC0 /* MovieTests.swift */ = {isa = PBXFileReference; lastKnownFileType = sourcecode.swift; path = MovieTests.swift; sourceTree = "<group>"; };
		C2A6B09E2652B34F0037ADC0 /* Info.plist */ = {isa = PBXFileReference; lastKnownFileType = text.plist.xml; path = Info.plist; sourceTree = "<group>"; };
		C2A6B0A32652B34F0037ADC0 /* MovieUITests.xctest */ = {isa = PBXFileReference; explicitFileType = wrapper.cfbundle; includeInIndex = 0; path = MovieUITests.xctest; sourceTree = BUILT_PRODUCTS_DIR; };
		C2A6B0A72652B34F0037ADC0 /* MovieUITests.swift */ = {isa = PBXFileReference; lastKnownFileType = sourcecode.swift; path = MovieUITests.swift; sourceTree = "<group>"; };
		C2A6B0A92652B34F0037ADC0 /* Info.plist */ = {isa = PBXFileReference; lastKnownFileType = text.plist.xml; path = Info.plist; sourceTree = "<group>"; };
		C2A6B0B52652B67E0037ADC0 /* Movie.swift */ = {isa = PBXFileReference; lastKnownFileType = sourcecode.swift; path = Movie.swift; sourceTree = "<group>"; };
		C2A6B0B82652B93B0037ADC0 /* Photo.swift */ = {isa = PBXFileReference; lastKnownFileType = sourcecode.swift; path = Photo.swift; sourceTree = "<group>"; };
		C2A6B0BC2652B9DE0037ADC0 /* ResultMovie.swift */ = {isa = PBXFileReference; lastKnownFileType = sourcecode.swift; path = ResultMovie.swift; sourceTree = "<group>"; };
		C2A6B0C22652BE130037ADC0 /* NetworkService.swift */ = {isa = PBXFileReference; lastKnownFileType = sourcecode.swift; path = NetworkService.swift; sourceTree = "<group>"; };
		C2A6B0C52652BEB30037ADC0 /* Constant.swift */ = {isa = PBXFileReference; lastKnownFileType = sourcecode.swift; path = Constant.swift; sourceTree = "<group>"; };
		C2A6B0CA2652BF000037ADC0 /* AlertController+Error.swift */ = {isa = PBXFileReference; lastKnownFileType = sourcecode.swift; path = "AlertController+Error.swift"; sourceTree = "<group>"; };
		C2A6B0CD2652C47B0037ADC0 /* MovieTableViewCell.swift */ = {isa = PBXFileReference; lastKnownFileType = sourcecode.swift; path = MovieTableViewCell.swift; sourceTree = "<group>"; };
/* End PBXFileReference section */

/* Begin PBXFrameworksBuildPhase section */
		C2A6B07C2652B34E0037ADC0 /* Frameworks */ = {
			isa = PBXFrameworksBuildPhase;
			buildActionMask = 2147483647;
			files = (
			);
			runOnlyForDeploymentPostprocessing = 0;
		};
		C2A6B0952652B34F0037ADC0 /* Frameworks */ = {
			isa = PBXFrameworksBuildPhase;
			buildActionMask = 2147483647;
			files = (
			);
			runOnlyForDeploymentPostprocessing = 0;
		};
		C2A6B0A02652B34F0037ADC0 /* Frameworks */ = {
			isa = PBXFrameworksBuildPhase;
			buildActionMask = 2147483647;
			files = (
			);
			runOnlyForDeploymentPostprocessing = 0;
		};
/* End PBXFrameworksBuildPhase section */

/* Begin PBXGroup section */
		C2A6B0762652B34E0037ADC0 = {
			isa = PBXGroup;
			children = (
				C2A6B0812652B34E0037ADC0 /* Movie */,
				C2A6B09B2652B34F0037ADC0 /* MovieTests */,
				C2A6B0A62652B34F0037ADC0 /* MovieUITests */,
				C2A6B0802652B34E0037ADC0 /* Products */,
			);
			sourceTree = "<group>";
		};
		C2A6B0802652B34E0037ADC0 /* Products */ = {
			isa = PBXGroup;
			children = (
				C2A6B07F2652B34E0037ADC0 /* Movie.app */,
				C2A6B0982652B34F0037ADC0 /* MovieTests.xctest */,
				C2A6B0A32652B34F0037ADC0 /* MovieUITests.xctest */,
			);
			name = Products;
			sourceTree = "<group>";
		};
		C2A6B0812652B34E0037ADC0 /* Movie */ = {
			isa = PBXGroup;
			children = (
				C2A6B0C42652BE930037ADC0 /* Core */,
				C2A6B0822652B34E0037ADC0 /* AppDelegate.swift */,
				C2A6B0842652B34E0037ADC0 /* SceneDelegate.swift */,
				C2A6B0C12652BD8B0037ADC0 /* ServiceLayer */,
				C2A6B0B72652B69F0037ADC0 /* Model */,
				C2A6B0CC2652C2E10037ADC0 /* View */,
				C2A6B08E2652B34F0037ADC0 /* Assets.xcassets */,
				C2A6B0932652B34F0037ADC0 /* Info.plist */,
			);
			path = Movie;
			sourceTree = "<group>";
		};
		C2A6B09B2652B34F0037ADC0 /* MovieTests */ = {
			isa = PBXGroup;
			children = (
				C2A6B09C2652B34F0037ADC0 /* MovieTests.swift */,
				C2A6B09E2652B34F0037ADC0 /* Info.plist */,
			);
			path = MovieTests;
			sourceTree = "<group>";
		};
		C2A6B0A62652B34F0037ADC0 /* MovieUITests */ = {
			isa = PBXGroup;
			children = (
				C2A6B0A72652B34F0037ADC0 /* MovieUITests.swift */,
				C2A6B0A92652B34F0037ADC0 /* Info.plist */,
			);
			path = MovieUITests;
			sourceTree = "<group>";
		};
		C2A6B0B72652B69F0037ADC0 /* Model */ = {
			isa = PBXGroup;
			children = (
				C2A6B0B52652B67E0037ADC0 /* Movie.swift */,
				C2A6B0B82652B93B0037ADC0 /* Photo.swift */,
				C2A6B0BC2652B9DE0037ADC0 /* ResultMovie.swift */,
				C2A6B08B2652B34E0037ADC0 /* Movie.xcdatamodeld */,
			);
			path = Model;
			sourceTree = "<group>";
		};
		C2A6B0C12652BD8B0037ADC0 /* ServiceLayer */ = {
			isa = PBXGroup;
			children = (
				C2A6B0C22652BE130037ADC0 /* NetworkService.swift */,
			);
			path = ServiceLayer;
			sourceTree = "<group>";
		};
		C2A6B0C42652BE930037ADC0 /* Core */ = {
			isa = PBXGroup;
			children = (
				C2A6B0C92652BEE00037ADC0 /* Extension */,
				C2A6B0C52652BEB30037ADC0 /* Constant.swift */,
			);
			path = Core;
			sourceTree = "<group>";
		};
		C2A6B0C92652BEE00037ADC0 /* Extension */ = {
			isa = PBXGroup;
			children = (
				C2A6B0CA2652BF000037ADC0 /* AlertController+Error.swift */,
			);
			path = Extension;
			sourceTree = "<group>";
		};
		C2A6B0CC2652C2E10037ADC0 /* View */ = {
			isa = PBXGroup;
			children = (
				C2A6B0882652B34E0037ADC0 /* Main.storyboard */,
				C2A6B0862652B34E0037ADC0 /* MainViewController.swift */,
				C2A6B0CD2652C47B0037ADC0 /* MovieTableViewCell.swift */,
				C2A6B0902652B34F0037ADC0 /* LaunchScreen.storyboard */,
			);
			path = View;
			sourceTree = "<group>";
		};
/* End PBXGroup section */

/* Begin PBXNativeTarget section */
		C2A6B07E2652B34E0037ADC0 /* Movie */ = {
			isa = PBXNativeTarget;
			buildConfigurationList = C2A6B0AC2652B34F0037ADC0 /* Build configuration list for PBXNativeTarget "Movie" */;
			buildPhases = (
				C2A6B07B2652B34E0037ADC0 /* Sources */,
				C2A6B07C2652B34E0037ADC0 /* Frameworks */,
				C2A6B07D2652B34E0037ADC0 /* Resources */,
				C2A6B0BE2652BA8B0037ADC0 /* SwiftLint */,
				C2A6B0C02652BAB90037ADC0 /* SwiftFormat */,
			);
			buildRules = (
			);
			dependencies = (
			);
			name = Movie;
			productName = Movie;
			productReference = C2A6B07F2652B34E0037ADC0 /* Movie.app */;
			productType = "com.apple.product-type.application";
		};
		C2A6B0972652B34F0037ADC0 /* MovieTests */ = {
			isa = PBXNativeTarget;
			buildConfigurationList = C2A6B0AF2652B34F0037ADC0 /* Build configuration list for PBXNativeTarget "MovieTests" */;
			buildPhases = (
				C2A6B0942652B34F0037ADC0 /* Sources */,
				C2A6B0952652B34F0037ADC0 /* Frameworks */,
				C2A6B0962652B34F0037ADC0 /* Resources */,
			);
			buildRules = (
			);
			dependencies = (
				C2A6B09A2652B34F0037ADC0 /* PBXTargetDependency */,
			);
			name = MovieTests;
			productName = MovieTests;
			productReference = C2A6B0982652B34F0037ADC0 /* MovieTests.xctest */;
			productType = "com.apple.product-type.bundle.unit-test";
		};
		C2A6B0A22652B34F0037ADC0 /* MovieUITests */ = {
			isa = PBXNativeTarget;
			buildConfigurationList = C2A6B0B22652B34F0037ADC0 /* Build configuration list for PBXNativeTarget "MovieUITests" */;
			buildPhases = (
				C2A6B09F2652B34F0037ADC0 /* Sources */,
				C2A6B0A02652B34F0037ADC0 /* Frameworks */,
				C2A6B0A12652B34F0037ADC0 /* Resources */,
			);
			buildRules = (
			);
			dependencies = (
				C2A6B0A52652B34F0037ADC0 /* PBXTargetDependency */,
			);
			name = MovieUITests;
			productName = MovieUITests;
			productReference = C2A6B0A32652B34F0037ADC0 /* MovieUITests.xctest */;
			productType = "com.apple.product-type.bundle.ui-testing";
		};
/* End PBXNativeTarget section */

/* Begin PBXProject section */
		C2A6B0772652B34E0037ADC0 /* Project object */ = {
			isa = PBXProject;
			attributes = {
				LastSwiftUpdateCheck = 1250;
				LastUpgradeCheck = 1250;
				TargetAttributes = {
					C2A6B07E2652B34E0037ADC0 = {
						CreatedOnToolsVersion = 12.5;
					};
					C2A6B0972652B34F0037ADC0 = {
						CreatedOnToolsVersion = 12.5;
						TestTargetID = C2A6B07E2652B34E0037ADC0;
					};
					C2A6B0A22652B34F0037ADC0 = {
						CreatedOnToolsVersion = 12.5;
						TestTargetID = C2A6B07E2652B34E0037ADC0;
					};
				};
			};
			buildConfigurationList = C2A6B07A2652B34E0037ADC0 /* Build configuration list for PBXProject "Movie" */;
			compatibilityVersion = "Xcode 9.3";
			developmentRegion = en;
			hasScannedForEncodings = 0;
			knownRegions = (
				en,
				Base,
			);
			mainGroup = C2A6B0762652B34E0037ADC0;
			productRefGroup = C2A6B0802652B34E0037ADC0 /* Products */;
			projectDirPath = "";
			projectRoot = "";
			targets = (
				C2A6B07E2652B34E0037ADC0 /* Movie */,
				C2A6B0972652B34F0037ADC0 /* MovieTests */,
				C2A6B0A22652B34F0037ADC0 /* MovieUITests */,
			);
		};
/* End PBXProject section */

/* Begin PBXResourcesBuildPhase section */
		C2A6B07D2652B34E0037ADC0 /* Resources */ = {
			isa = PBXResourcesBuildPhase;
			buildActionMask = 2147483647;
			files = (
				C2A6B0922652B34F0037ADC0 /* LaunchScreen.storyboard in Resources */,
				C2A6B08F2652B34F0037ADC0 /* Assets.xcassets in Resources */,
				C2A6B08A2652B34E0037ADC0 /* Main.storyboard in Resources */,
			);
			runOnlyForDeploymentPostprocessing = 0;
		};
		C2A6B0962652B34F0037ADC0 /* Resources */ = {
			isa = PBXResourcesBuildPhase;
			buildActionMask = 2147483647;
			files = (
			);
			runOnlyForDeploymentPostprocessing = 0;
		};
		C2A6B0A12652B34F0037ADC0 /* Resources */ = {
			isa = PBXResourcesBuildPhase;
			buildActionMask = 2147483647;
			files = (
			);
			runOnlyForDeploymentPostprocessing = 0;
		};
/* End PBXResourcesBuildPhase section */

/* Begin PBXShellScriptBuildPhase section */
		C2A6B0BE2652BA8B0037ADC0 /* SwiftLint */ = {
			isa = PBXShellScriptBuildPhase;
			buildActionMask = 2147483647;
			files = (
			);
			inputFileListPaths = (
			);
			inputPaths = (
			);
			name = SwiftLint;
			outputFileListPaths = (
			);
			outputPaths = (
			);
			runOnlyForDeploymentPostprocessing = 0;
			shellPath = /bin/sh;
			shellScript = "# Type a script or drag a script file from your workspace to insert its path.\nif which swiftlint >/dev/null; then\n  swiftlint\nelse\n  echo \"warning: SwiftLint not installed, download from https://github.com/realm/SwiftLint\"\nfi\n";
		};
		C2A6B0C02652BAB90037ADC0 /* SwiftFormat */ = {
			isa = PBXShellScriptBuildPhase;
			buildActionMask = 2147483647;
			files = (
			);
			inputFileListPaths = (
			);
			inputPaths = (
			);
			name = SwiftFormat;
			outputFileListPaths = (
			);
			outputPaths = (
			);
			runOnlyForDeploymentPostprocessing = 0;
			shellPath = /bin/sh;
			shellScript = "# Type a script or drag a script file from your workspace to insert its path.\nif which swiftformat >/dev/null; then\n  swiftformat .\nelse\n  echo \"warning: SwiftFormat not installed, download from https://github.com/nicklockwood/SwiftFormat\"\nfi\n";
		};
/* End PBXShellScriptBuildPhase section */

/* Begin PBXSourcesBuildPhase section */
		C2A6B07B2652B34E0037ADC0 /* Sources */ = {
			isa = PBXSourcesBuildPhase;
			buildActionMask = 2147483647;
			files = (
				C2A6B0B92652B93B0037ADC0 /* Photo.swift in Sources */,
				C2A6B0872652B34E0037ADC0 /* MainViewController.swift in Sources */,
				C2A6B0C62652BEB30037ADC0 /* Constant.swift in Sources */,
				C2A6B0C32652BE130037ADC0 /* NetworkService.swift in Sources */,
				C2A6B0832652B34E0037ADC0 /* AppDelegate.swift in Sources */,
				C2A6B08D2652B34E0037ADC0 /* Movie.xcdatamodeld in Sources */,
				C2A6B0852652B34E0037ADC0 /* SceneDelegate.swift in Sources */,
				C2A6B0CB2652BF000037ADC0 /* AlertController+Error.swift in Sources */,
				C2A6B0BD2652B9DE0037ADC0 /* ResultMovie.swift in Sources */,
				C2A6B0CE2652C47B0037ADC0 /* MovieTableViewCell.swift in Sources */,
				C2A6B0B62652B67E0037ADC0 /* Movie.swift in Sources */,
			);
			runOnlyForDeploymentPostprocessing = 0;
		};
		C2A6B0942652B34F0037ADC0 /* Sources */ = {
			isa = PBXSourcesBuildPhase;
			buildActionMask = 2147483647;
			files = (
				C2A6B09D2652B34F0037ADC0 /* MovieTests.swift in Sources */,
			);
			runOnlyForDeploymentPostprocessing = 0;
		};
		C2A6B09F2652B34F0037ADC0 /* Sources */ = {
			isa = PBXSourcesBuildPhase;
			buildActionMask = 2147483647;
			files = (
				C2A6B0A82652B34F0037ADC0 /* MovieUITests.swift in Sources */,
			);
			runOnlyForDeploymentPostprocessing = 0;
		};
/* End PBXSourcesBuildPhase section */

/* Begin PBXTargetDependency section */
		C2A6B09A2652B34F0037ADC0 /* PBXTargetDependency */ = {
			isa = PBXTargetDependency;
			target = C2A6B07E2652B34E0037ADC0 /* Movie */;
			targetProxy = C2A6B0992652B34F0037ADC0 /* PBXContainerItemProxy */;
		};
		C2A6B0A52652B34F0037ADC0 /* PBXTargetDependency */ = {
			isa = PBXTargetDependency;
			target = C2A6B07E2652B34E0037ADC0 /* Movie */;
			targetProxy = C2A6B0A42652B34F0037ADC0 /* PBXContainerItemProxy */;
		};
/* End PBXTargetDependency section */

/* Begin PBXVariantGroup section */
		C2A6B0882652B34E0037ADC0 /* Main.storyboard */ = {
			isa = PBXVariantGroup;
			children = (
				C2A6B0892652B34E0037ADC0 /* Base */,
			);
			name = Main.storyboard;
			sourceTree = "<group>";
		};
		C2A6B0902652B34F0037ADC0 /* LaunchScreen.storyboard */ = {
			isa = PBXVariantGroup;
			children = (
				C2A6B0912652B34F0037ADC0 /* Base */,
			);
			name = LaunchScreen.storyboard;
			sourceTree = "<group>";
		};
/* End PBXVariantGroup section */

/* Begin XCBuildConfiguration section */
		C2A6B0AA2652B34F0037ADC0 /* Debug */ = {
			isa = XCBuildConfiguration;
			buildSettings = {
				ALWAYS_SEARCH_USER_PATHS = NO;
				CLANG_ANALYZER_NONNULL = YES;
				CLANG_ANALYZER_NUMBER_OBJECT_CONVERSION = YES_AGGRESSIVE;
				CLANG_CXX_LANGUAGE_STANDARD = "gnu++14";
				CLANG_CXX_LIBRARY = "libc++";
				CLANG_ENABLE_MODULES = YES;
				CLANG_ENABLE_OBJC_ARC = YES;
				CLANG_ENABLE_OBJC_WEAK = YES;
				CLANG_WARN_BLOCK_CAPTURE_AUTORELEASING = YES;
				CLANG_WARN_BOOL_CONVERSION = YES;
				CLANG_WARN_COMMA = YES;
				CLANG_WARN_CONSTANT_CONVERSION = YES;
				CLANG_WARN_DEPRECATED_OBJC_IMPLEMENTATIONS = YES;
				CLANG_WARN_DIRECT_OBJC_ISA_USAGE = YES_ERROR;
				CLANG_WARN_DOCUMENTATION_COMMENTS = YES;
				CLANG_WARN_EMPTY_BODY = YES;
				CLANG_WARN_ENUM_CONVERSION = YES;
				CLANG_WARN_INFINITE_RECURSION = YES;
				CLANG_WARN_INT_CONVERSION = YES;
				CLANG_WARN_NON_LITERAL_NULL_CONVERSION = YES;
				CLANG_WARN_OBJC_IMPLICIT_RETAIN_SELF = YES;
				CLANG_WARN_OBJC_LITERAL_CONVERSION = YES;
				CLANG_WARN_OBJC_ROOT_CLASS = YES_ERROR;
				CLANG_WARN_QUOTED_INCLUDE_IN_FRAMEWORK_HEADER = YES;
				CLANG_WARN_RANGE_LOOP_ANALYSIS = YES;
				CLANG_WARN_STRICT_PROTOTYPES = YES;
				CLANG_WARN_SUSPICIOUS_MOVE = YES;
				CLANG_WARN_UNGUARDED_AVAILABILITY = YES_AGGRESSIVE;
				CLANG_WARN_UNREACHABLE_CODE = YES;
				CLANG_WARN__DUPLICATE_METHOD_MATCH = YES;
				COPY_PHASE_STRIP = NO;
				DEBUG_INFORMATION_FORMAT = dwarf;
				ENABLE_STRICT_OBJC_MSGSEND = YES;
				ENABLE_TESTABILITY = YES;
				GCC_C_LANGUAGE_STANDARD = gnu11;
				GCC_DYNAMIC_NO_PIC = NO;
				GCC_NO_COMMON_BLOCKS = YES;
				GCC_OPTIMIZATION_LEVEL = 0;
				GCC_PREPROCESSOR_DEFINITIONS = (
					"DEBUG=1",
					"$(inherited)",
				);
				GCC_WARN_64_TO_32_BIT_CONVERSION = YES;
				GCC_WARN_ABOUT_RETURN_TYPE = YES_ERROR;
				GCC_WARN_UNDECLARED_SELECTOR = YES;
				GCC_WARN_UNINITIALIZED_AUTOS = YES_AGGRESSIVE;
				GCC_WARN_UNUSED_FUNCTION = YES;
				GCC_WARN_UNUSED_VARIABLE = YES;
				IPHONEOS_DEPLOYMENT_TARGET = 14.5;
				MTL_ENABLE_DEBUG_INFO = INCLUDE_SOURCE;
				MTL_FAST_MATH = YES;
				ONLY_ACTIVE_ARCH = YES;
				SDKROOT = iphoneos;
				SWIFT_ACTIVE_COMPILATION_CONDITIONS = DEBUG;
				SWIFT_OPTIMIZATION_LEVEL = "-Onone";
			};
			name = Debug;
		};
		C2A6B0AB2652B34F0037ADC0 /* Release */ = {
			isa = XCBuildConfiguration;
			buildSettings = {
				ALWAYS_SEARCH_USER_PATHS = NO;
				CLANG_ANALYZER_NONNULL = YES;
				CLANG_ANALYZER_NUMBER_OBJECT_CONVERSION = YES_AGGRESSIVE;
				CLANG_CXX_LANGUAGE_STANDARD = "gnu++14";
				CLANG_CXX_LIBRARY = "libc++";
				CLANG_ENABLE_MODULES = YES;
				CLANG_ENABLE_OBJC_ARC = YES;
				CLANG_ENABLE_OBJC_WEAK = YES;
				CLANG_WARN_BLOCK_CAPTURE_AUTORELEASING = YES;
				CLANG_WARN_BOOL_CONVERSION = YES;
				CLANG_WARN_COMMA = YES;
				CLANG_WARN_CONSTANT_CONVERSION = YES;
				CLANG_WARN_DEPRECATED_OBJC_IMPLEMENTATIONS = YES;
				CLANG_WARN_DIRECT_OBJC_ISA_USAGE = YES_ERROR;
				CLANG_WARN_DOCUMENTATION_COMMENTS = YES;
				CLANG_WARN_EMPTY_BODY = YES;
				CLANG_WARN_ENUM_CONVERSION = YES;
				CLANG_WARN_INFINITE_RECURSION = YES;
				CLANG_WARN_INT_CONVERSION = YES;
				CLANG_WARN_NON_LITERAL_NULL_CONVERSION = YES;
				CLANG_WARN_OBJC_IMPLICIT_RETAIN_SELF = YES;
				CLANG_WARN_OBJC_LITERAL_CONVERSION = YES;
				CLANG_WARN_OBJC_ROOT_CLASS = YES_ERROR;
				CLANG_WARN_QUOTED_INCLUDE_IN_FRAMEWORK_HEADER = YES;
				CLANG_WARN_RANGE_LOOP_ANALYSIS = YES;
				CLANG_WARN_STRICT_PROTOTYPES = YES;
				CLANG_WARN_SUSPICIOUS_MOVE = YES;
				CLANG_WARN_UNGUARDED_AVAILABILITY = YES_AGGRESSIVE;
				CLANG_WARN_UNREACHABLE_CODE = YES;
				CLANG_WARN__DUPLICATE_METHOD_MATCH = YES;
				COPY_PHASE_STRIP = NO;
				DEBUG_INFORMATION_FORMAT = "dwarf-with-dsym";
				ENABLE_NS_ASSERTIONS = NO;
				ENABLE_STRICT_OBJC_MSGSEND = YES;
				GCC_C_LANGUAGE_STANDARD = gnu11;
				GCC_NO_COMMON_BLOCKS = YES;
				GCC_WARN_64_TO_32_BIT_CONVERSION = YES;
				GCC_WARN_ABOUT_RETURN_TYPE = YES_ERROR;
				GCC_WARN_UNDECLARED_SELECTOR = YES;
				GCC_WARN_UNINITIALIZED_AUTOS = YES_AGGRESSIVE;
				GCC_WARN_UNUSED_FUNCTION = YES;
				GCC_WARN_UNUSED_VARIABLE = YES;
				IPHONEOS_DEPLOYMENT_TARGET = 14.5;
				MTL_ENABLE_DEBUG_INFO = NO;
				MTL_FAST_MATH = YES;
				SDKROOT = iphoneos;
				SWIFT_COMPILATION_MODE = wholemodule;
				SWIFT_OPTIMIZATION_LEVEL = "-O";
				VALIDATE_PRODUCT = YES;
			};
			name = Release;
		};
		C2A6B0AD2652B34F0037ADC0 /* Debug */ = {
			isa = XCBuildConfiguration;
			buildSettings = {
				ASSETCATALOG_COMPILER_APPICON_NAME = AppIcon;
				ASSETCATALOG_COMPILER_GLOBAL_ACCENT_COLOR_NAME = AccentColor;
				CODE_SIGN_STYLE = Automatic;
				DEVELOPMENT_TEAM = AFDF95FC8X;
				INFOPLIST_FILE = Movie/Info.plist;
				LD_RUNPATH_SEARCH_PATHS = (
					"$(inherited)",
					"@executable_path/Frameworks",
				);
				PRODUCT_BUNDLE_IDENTIFIER = bla.Movie;
				PRODUCT_NAME = "$(TARGET_NAME)";
				SWIFT_VERSION = 5.0;
				TARGETED_DEVICE_FAMILY = "1,2";
			};
			name = Debug;
		};
		C2A6B0AE2652B34F0037ADC0 /* Release */ = {
			isa = XCBuildConfiguration;
			buildSettings = {
				ASSETCATALOG_COMPILER_APPICON_NAME = AppIcon;
				ASSETCATALOG_COMPILER_GLOBAL_ACCENT_COLOR_NAME = AccentColor;
				CODE_SIGN_STYLE = Automatic;
				DEVELOPMENT_TEAM = AFDF95FC8X;
				INFOPLIST_FILE = Movie/Info.plist;
				LD_RUNPATH_SEARCH_PATHS = (
					"$(inherited)",
					"@executable_path/Frameworks",
				);
				PRODUCT_BUNDLE_IDENTIFIER = bla.Movie;
				PRODUCT_NAME = "$(TARGET_NAME)";
				SWIFT_VERSION = 5.0;
				TARGETED_DEVICE_FAMILY = "1,2";
			};
			name = Release;
		};
		C2A6B0B02652B34F0037ADC0 /* Debug */ = {
			isa = XCBuildConfiguration;
			buildSettings = {
				ALWAYS_EMBED_SWIFT_STANDARD_LIBRARIES = YES;
				BUNDLE_LOADER = "$(TEST_HOST)";
				CODE_SIGN_STYLE = Automatic;
				DEVELOPMENT_TEAM = AFDF95FC8X;
				INFOPLIST_FILE = MovieTests/Info.plist;
				IPHONEOS_DEPLOYMENT_TARGET = 14.5;
				LD_RUNPATH_SEARCH_PATHS = (
					"$(inherited)",
					"@executable_path/Frameworks",
					"@loader_path/Frameworks",
				);
				PRODUCT_BUNDLE_IDENTIFIER = bla.MovieTests;
				PRODUCT_NAME = "$(TARGET_NAME)";
				SWIFT_VERSION = 5.0;
				TARGETED_DEVICE_FAMILY = "1,2";
				TEST_HOST = "$(BUILT_PRODUCTS_DIR)/Movie.app/Movie";
			};
			name = Debug;
		};
		C2A6B0B12652B34F0037ADC0 /* Release */ = {
			isa = XCBuildConfiguration;
			buildSettings = {
				ALWAYS_EMBED_SWIFT_STANDARD_LIBRARIES = YES;
				BUNDLE_LOADER = "$(TEST_HOST)";
				CODE_SIGN_STYLE = Automatic;
				DEVELOPMENT_TEAM = AFDF95FC8X;
				INFOPLIST_FILE = MovieTests/Info.plist;
				IPHONEOS_DEPLOYMENT_TARGET = 14.5;
				LD_RUNPATH_SEARCH_PATHS = (
					"$(inherited)",
					"@executable_path/Frameworks",
					"@loader_path/Frameworks",
				);
				PRODUCT_BUNDLE_IDENTIFIER = bla.MovieTests;
				PRODUCT_NAME = "$(TARGET_NAME)";
				SWIFT_VERSION = 5.0;
				TARGETED_DEVICE_FAMILY = "1,2";
				TEST_HOST = "$(BUILT_PRODUCTS_DIR)/Movie.app/Movie";
			};
			name = Release;
		};
		C2A6B0B32652B34F0037ADC0 /* Debug */ = {
			isa = XCBuildConfiguration;
			buildSettings = {
				ALWAYS_EMBED_SWIFT_STANDARD_LIBRARIES = YES;
				CODE_SIGN_STYLE = Automatic;
				DEVELOPMENT_TEAM = AFDF95FC8X;
				INFOPLIST_FILE = MovieUITests/Info.plist;
				LD_RUNPATH_SEARCH_PATHS = (
					"$(inherited)",
					"@executable_path/Frameworks",
					"@loader_path/Frameworks",
				);
				PRODUCT_BUNDLE_IDENTIFIER = bla.MovieUITests;
				PRODUCT_NAME = "$(TARGET_NAME)";
				SWIFT_VERSION = 5.0;
				TARGETED_DEVICE_FAMILY = "1,2";
				TEST_TARGET_NAME = Movie;
			};
			name = Debug;
		};
		C2A6B0B42652B34F0037ADC0 /* Release */ = {
			isa = XCBuildConfiguration;
			buildSettings = {
				ALWAYS_EMBED_SWIFT_STANDARD_LIBRARIES = YES;
				CODE_SIGN_STYLE = Automatic;
				DEVELOPMENT_TEAM = AFDF95FC8X;
				INFOPLIST_FILE = MovieUITests/Info.plist;
				LD_RUNPATH_SEARCH_PATHS = (
					"$(inherited)",
					"@executable_path/Frameworks",
					"@loader_path/Frameworks",
				);
				PRODUCT_BUNDLE_IDENTIFIER = bla.MovieUITests;
				PRODUCT_NAME = "$(TARGET_NAME)";
				SWIFT_VERSION = 5.0;
				TARGETED_DEVICE_FAMILY = "1,2";
				TEST_TARGET_NAME = Movie;
			};
			name = Release;
		};
/* End XCBuildConfiguration section */

/* Begin XCConfigurationList section */
		C2A6B07A2652B34E0037ADC0 /* Build configuration list for PBXProject "Movie" */ = {
			isa = XCConfigurationList;
			buildConfigurations = (
				C2A6B0AA2652B34F0037ADC0 /* Debug */,
				C2A6B0AB2652B34F0037ADC0 /* Release */,
			);
			defaultConfigurationIsVisible = 0;
			defaultConfigurationName = Release;
		};
		C2A6B0AC2652B34F0037ADC0 /* Build configuration list for PBXNativeTarget "Movie" */ = {
			isa = XCConfigurationList;
			buildConfigurations = (
				C2A6B0AD2652B34F0037ADC0 /* Debug */,
				C2A6B0AE2652B34F0037ADC0 /* Release */,
			);
			defaultConfigurationIsVisible = 0;
			defaultConfigurationName = Release;
		};
		C2A6B0AF2652B34F0037ADC0 /* Build configuration list for PBXNativeTarget "MovieTests" */ = {
			isa = XCConfigurationList;
			buildConfigurations = (
				C2A6B0B02652B34F0037ADC0 /* Debug */,
				C2A6B0B12652B34F0037ADC0 /* Release */,
			);
			defaultConfigurationIsVisible = 0;
			defaultConfigurationName = Release;
		};
		C2A6B0B22652B34F0037ADC0 /* Build configuration list for PBXNativeTarget "MovieUITests" */ = {
			isa = XCConfigurationList;
			buildConfigurations = (
				C2A6B0B32652B34F0037ADC0 /* Debug */,
				C2A6B0B42652B34F0037ADC0 /* Release */,
			);
			defaultConfigurationIsVisible = 0;
			defaultConfigurationName = Release;
		};
/* End XCConfigurationList section */

/* Begin XCVersionGroup section */
		C2A6B08B2652B34E0037ADC0 /* Movie.xcdatamodeld */ = {
			isa = XCVersionGroup;
			children = (
				C2A6B08C2652B34E0037ADC0 /* Movie.xcdatamodel */,
			);
			currentVersion = C2A6B08C2652B34E0037ADC0 /* Movie.xcdatamodel */;
			path = Movie.xcdatamodeld;
			sourceTree = "<group>";
			versionGroupType = wrapper.xcdatamodel;
		};
/* End XCVersionGroup section */
	};
	rootObject = C2A6B0772652B34E0037ADC0 /* Project object */;
}
